// !$*UTF8*$!
{
	archiveVersion = 1;
	classes = {
	};
	objectVersion = 46;
	objects = {

/* Begin PBXBuildFile section */
		BCA3F4F71D5DBF22001C8A36 /* AppDelegate.swift in Sources */ = {isa = PBXBuildFile; fileRef = BCA3F4F61D5DBF22001C8A36 /* AppDelegate.swift */; };
		BCA3F4F91D5DBF22001C8A36 /* ViewController.swift in Sources */ = {isa = PBXBuildFile; fileRef = BCA3F4F81D5DBF22001C8A36 /* ViewController.swift */; };
		BCA3F4FC1D5DBF22001C8A36 /* Main.storyboard in Resources */ = {isa = PBXBuildFile; fileRef = BCA3F4FA1D5DBF22001C8A36 /* Main.storyboard */; };
		BCA3F4FE1D5DBF22001C8A36 /* Assets.xcassets in Resources */ = {isa = PBXBuildFile; fileRef = BCA3F4FD1D5DBF22001C8A36 /* Assets.xcassets */; };
		BCA3F5011D5DBF22001C8A36 /* LaunchScreen.storyboard in Resources */ = {isa = PBXBuildFile; fileRef = BCA3F4FF1D5DBF22001C8A36 /* LaunchScreen.storyboard */; };
		BCA3F5091D5DBF4C001C8A36 /* MyData.swift in Sources */ = {isa = PBXBuildFile; fileRef = BCA3F5081D5DBF4C001C8A36 /* MyData.swift */; };
/* End PBXBuildFile section */

/* Begin PBXFileReference section */
		BCA3F4F31D5DBF22001C8A36 /* SmapleCustomDataStorage.app */ = {isa = PBXFileReference; explicitFileType = wrapper.application; includeInIndex = 0; path = SmapleCustomDataStorage.app; sourceTree = BUILT_PRODUCTS_DIR; };
		BCA3F4F61D5DBF22001C8A36 /* AppDelegate.swift */ = {isa = PBXFileReference; lastKnownFileType = sourcecode.swift; path = AppDelegate.swift; sourceTree = "<group>"; };
		BCA3F4F81D5DBF22001C8A36 /* ViewController.swift */ = {isa = PBXFileReference; lastKnownFileType = sourcecode.swift; path = ViewController.swift; sourceTree = "<group>"; };
		BCA3F4FB1D5DBF22001C8A36 /* Base */ = {isa = PBXFileReference; lastKnownFileType = file.storyboard; name = Base; path = Base.lproj/Main.storyboard; sourceTree = "<group>"; };
		BCA3F4FD1D5DBF22001C8A36 /* Assets.xcassets */ = {isa = PBXFileReference; lastKnownFileType = folder.assetcatalog; path = Assets.xcassets; sourceTree = "<group>"; };
		BCA3F5001D5DBF22001C8A36 /* Base */ = {isa = PBXFileReference; lastKnownFileType = file.storyboard; name = Base; path = Base.lproj/LaunchScreen.storyboard; sourceTree = "<group>"; };
		BCA3F5021D5DBF22001C8A36 /* Info.plist */ = {isa = PBXFileReference; lastKnownFileType = text.plist.xml; path = Info.plist; sourceTree = "<group>"; };
		BCA3F5081D5DBF4C001C8A36 /* MyData.swift */ = {isa = PBXFileReference; fileEncoding = 4; lastKnownFileType = sourcecode.swift; name = MyData.swift; path = ../MyData.swift; sourceTree = "<group>"; };
/* End PBXFileReference section */

/* Begin PBXFrameworksBuildPhase section */
		BCA3F4F01D5DBF22001C8A36 /* Frameworks */ = {
			isa = PBXFrameworksBuildPhase;
			buildActionMask = 2147483647;
			files = (
			);
			runOnlyForDeploymentPostprocessing = 0;
		};
/* End PBXFrameworksBuildPhase section */

/* Begin PBXGroup section */
		BCA3F4EA1D5DBF22001C8A36 = {
			isa = PBXGroup;
			children = (
				BCA3F4F51D5DBF22001C8A36 /* SmapleCustomDataStorage */,
				BCA3F4F41D5DBF22001C8A36 /* Products */,
			);
			sourceTree = "<group>";
		};
		BCA3F4F41D5DBF22001C8A36 /* Products */ = {
			isa = PBXGroup;
			children = (
				BCA3F4F31D5DBF22001C8A36 /* SmapleCustomDataStorage.app */,
			);
			name = Products;
			sourceTree = "<group>";
		};
		BCA3F4F51D5DBF22001C8A36 /* SmapleCustomDataStorage */ = {
			isa = PBXGroup;
			children = (
				BCA3F4F61D5DBF22001C8A36 /* AppDelegate.swift */,
				BCA3F4F81D5DBF22001C8A36 /* ViewController.swift */,
				BCA3F4FA1D5DBF22001C8A36 /* Main.storyboard */,
				BCA3F4FD1D5DBF22001C8A36 /* Assets.xcassets */,
				BCA3F4FF1D5DBF22001C8A36 /* LaunchScreen.storyboard */,
				BCA3F5021D5DBF22001C8A36 /* Info.plist */,
				BCA3F5081D5DBF4C001C8A36 /* MyData.swift */,
			);
			path = SmapleCustomDataStorage;
			sourceTree = "<group>";
		};
/* End PBXGroup section */

/* Begin PBXNativeTarget section */
		BCA3F4F21D5DBF22001C8A36 /* SmapleCustomDataStorage */ = {
			isa = PBXNativeTarget;
			buildConfigurationList = BCA3F5051D5DBF22001C8A36 /* Build configuration list for PBXNativeTarget "SmapleCustomDataStorage" */;
			buildPhases = (
				BCA3F4EF1D5DBF22001C8A36 /* Sources */,
				BCA3F4F01D5DBF22001C8A36 /* Frameworks */,
				BCA3F4F11D5DBF22001C8A36 /* Resources */,
			);
			buildRules = (
			);
			dependencies = (
			);
			name = SmapleCustomDataStorage;
			productName = SmapleCustomDataStorage;
			productReference = BCA3F4F31D5DBF22001C8A36 /* SmapleCustomDataStorage.app */;
			productType = "com.apple.product-type.application";
		};
/* End PBXNativeTarget section */

/* Begin PBXProject section */
		BCA3F4EB1D5DBF22001C8A36 /* Project object */ = {
			isa = PBXProject;
			attributes = {
				LastSwiftUpdateCheck = 0720;
				LastUpgradeCheck = 0720;
				ORGANIZATIONNAME = inagaki;
				TargetAttributes = {
					BCA3F4F21D5DBF22001C8A36 = {
						CreatedOnToolsVersion = 7.2.1;
					};
				};
			};
			buildConfigurationList = BCA3F4EE1D5DBF22001C8A36 /* Build configuration list for PBXProject "SmapleCustomDataStorage" */;
			compatibilityVersion = "Xcode 3.2";
			developmentRegion = English;
			hasScannedForEncodings = 0;
			knownRegions = (
				en,
				Base,
			);
			mainGroup = BCA3F4EA1D5DBF22001C8A36;
			productRefGroup = BCA3F4F41D5DBF22001C8A36 /* Products */;
			projectDirPath = "";
			projectRoot = "";
			targets = (
				BCA3F4F21D5DBF22001C8A36 /* SmapleCustomDataStorage */,
			);
		};
/* End PBXProject section */

/* Begin PBXResourcesBuildPhase section */
		BCA3F4F11D5DBF22001C8A36 /* Resources */ = {
			isa = PBXResourcesBuildPhase;
			buildActionMask = 2147483647;
			files = (
				BCA3F5011D5DBF22001C8A36 /* LaunchScreen.storyboard in Resources */,
				BCA3F4FE1D5DBF22001C8A36 /* Assets.xcassets in Resources */,
				BCA3F4FC1D5DBF22001C8A36 /* Main.storyboard in Resources */,
			);
			runOnlyForDeploymentPostprocessing = 0;
		};
/* End PBXResourcesBuildPhase section */

/* Begin PBXSourcesBuildPhase section */
		BCA3F4EF1D5DBF22001C8A36 /* Sources */ = {
			isa = PBXSourcesBuildPhase;
			buildActionMask = 2147483647;
			files = (
				BCA3F5091D5DBF4C001C8A36 /* MyData.swift in Sources */,
				BCA3F4F91D5DBF22001C8A36 /* ViewController.swift in Sources */,
				BCA3F4F71D5DBF22001C8A36 /* AppDelegate.swift in Sources */,
			);
			runOnlyForDeploymentPostprocessing = 0;
		};
/* End PBXSourcesBuildPhase section */

/* Begin PBXVariantGroup section */
		BCA3F4FA1D5DBF22001C8A36 /* Main.storyboard */ = {
			isa = PBXVariantGroup;
			children = (
				BCA3F4FB1D5DBF22001C8A36 /* Base */,
			);
			name = Main.storyboard;
			sourceTree = "<group>";
		};
		BCA3F4FF1D5DBF22001C8A36 /* LaunchScreen.storyboard */ = {
			isa = PBXVariantGroup;
			children = (
				BCA3F5001D5DBF22001C8A36 /* Base */,
			);
			name = LaunchScreen.storyboard;
			sourceTree = "<group>";
		};
/* End PBXVariantGroup section */

/* Begin XCBuildConfiguration section */
		BCA3F5031D5DBF22001C8A36 /* Debug */ = {
			isa = XCBuildConfiguration;
			buildSettings = {
				ALWAYS_SEARCH_USER_PATHS = NO;
				CLANG_CXX_LANGUAGE_STANDARD = "gnu++0x";
				CLANG_CXX_LIBRARY = "libc++";
				CLANG_ENABLE_MODULES = YES;
				CLANG_ENABLE_OBJC_ARC = YES;
				CLANG_WARN_BOOL_CONVERSION = YES;
				CLANG_WARN_CONSTANT_CONVERSION = YES;
				CLANG_WARN_DIRECT_OBJC_ISA_USAGE = YES_ERROR;
				CLANG_WARN_EMPTY_BODY = YES;
				CLANG_WARN_ENUM_CONVERSION = YES;
				CLANG_WARN_INT_CONVERSION = YES;
				CLANG_WARN_OBJC_ROOT_CLASS = YES_ERROR;
				CLANG_WARN_UNREACHABLE_CODE = YES;
				CLANG_WARN__DUPLICATE_METHOD_MATCH = YES;
				"CODE_SIGN_IDENTITY[sdk=iphoneos*]" = "iPhone Developer";
				COPY_PHASE_STRIP = NO;
				DEBUG_INFORMATION_FORMAT = dwarf;
				ENABLE_STRICT_OBJC_MSGSEND = YES;
				ENABLE_TESTABILITY = YES;
				GCC_C_LANGUAGE_STANDARD = gnu99;
				GCC_DYNAMIC_NO_PIC = NO;
				GCC_NO_COMMON_BLOCKS = YES;
				GCC_OPTIMIZATION_LEVEL = 0;
				GCC_PREPROCESSOR_DEFINITIONS = (
					"DEBUG=1",
					"$(inherited)",
				);
				GCC_WARN_64_TO_32_BIT_CONVERSION = YES;
				GCC_WARN_ABOUT_RETURN_TYPE = YES_ERROR;
				GCC_WARN_UNDECLARED_SELECTOR = YES;
				GCC_WARN_UNINITIALIZED_AUTOS = YES_AGGRESSIVE;
				GCC_WARN_UNUSED_FUNCTION = YES;
				GCC_WARN_UNUSED_VARIABLE = YES;
				IPHONEOS_DEPLOYMENT_TARGET = 9.2;
				MTL_ENABLE_DEBUG_INFO = YES;
				ONLY_ACTIVE_ARCH = YES;
				SDKROOT = iphoneos;
				SWIFT_OPTIMIZATION_LEVEL = "-Onone";
			};
			name = Debug;
		};
		BCA3F5041D5DBF22001C8A36 /* Release */ = {
			isa = XCBuildConfiguration;
			buildSettings = {
				ALWAYS_SEARCH_USER_PATHS = NO;
				CLANG_CXX_LANGUAGE_STANDARD = "gnu++0x";
				CLANG_CXX_LIBRARY = "libc++";
				CLANG_ENABLE_MODULES = YES;
				CLANG_ENABLE_OBJC_ARC = YES;
				CLANG_WARN_BOOL_CONVERSION = YES;
				CLANG_WARN_CONSTANT_CONVERSION = YES;
				CLANG_WARN_DIRECT_OBJC_ISA_USAGE = YES_ERROR;
				CLANG_WARN_EMPTY_BODY = YES;
				CLANG_WARN_ENUM_CONVERSION = YES;
				CLANG_WARN_INT_CONVERSION = YES;
				CLANG_WARN_OBJC_ROOT_CLASS = YES_ERROR;
				CLANG_WARN_UNREACHABLE_CODE = YES;
				CLANG_WARN__DUPLICATE_METHOD_MATCH = YES;
				"CODE_SIGN_IDENTITY[sdk=iphoneos*]" = "iPhone Developer";
				COPY_PHASE_STRIP = NO;
				DEBUG_INFORMATION_FORMAT = "dwarf-with-dsym";
				ENABLE_NS_ASSERTIONS = NO;
				ENABLE_STRICT_OBJC_MSGSEND = YES;
				GCC_C_LANGUAGE_STANDARD = gnu99;
				GCC_NO_COMMON_BLOCKS = YES;
				GCC_WARN_64_TO_32_BIT_CONVERSION = YES;
				GCC_WARN_ABOUT_RETURN_TYPE = YES_ERROR;
				GCC_WARN_UNDECLARED_SELECTOR = YES;
				GCC_WARN_UNINITIALIZED_AUTOS = YES_AGGRESSIVE;
				GCC_WARN_UNUSED_FUNCTION = YES;
				GCC_WARN_UNUSED_VARIABLE = YES;
				IPHONEOS_DEPLOYMENT_TARGET = 9.2;
				MTL_ENABLE_DEBUG_INFO = NO;
				SDKROOT = iphoneos;
				VALIDATE_PRODUCT = YES;
			};
			name = Release;
		};
		BCA3F5061D5DBF22001C8A36 /* Debug */ = {
			isa = XCBuildConfiguration;
			buildSettings = {
				ASSETCATALOG_COMPILER_APPICON_NAME = AppIcon;
				INFOPLIST_FILE = SmapleCustomDataStorage/Info.plist;
				LD_RUNPATH_SEARCH_PATHS = "$(inherited) @executable_path/Frameworks";
				PRODUCT_BUNDLE_IDENTIFIER = com.inagaki.SmapleCustomDataStorage;
				PRODUCT_NAME = "$(TARGET_NAME)";
			};
			name = Debug;
		};
		BCA3F5071D5DBF22001C8A36 /* Release */ = {
			isa = XCBuildConfiguration;
			buildSettings = {
				ASSETCATALOG_COMPILER_APPICON_NAME = AppIcon;
				INFOPLIST_FILE = SmapleCustomDataStorage/Info.plist;
				LD_RUNPATH_SEARCH_PATHS = "$(inherited) @executable_path/Frameworks";
				PRODUCT_BUNDLE_IDENTIFIER = com.inagaki.SmapleCustomDataStorage;
				PRODUCT_NAME = "$(TARGET_NAME)";
			};
			name = Release;
		};
/* End XCBuildConfiguration section */

/* Begin XCConfigurationList section */
		BCA3F4EE1D5DBF22001C8A36 /* Build configuration list for PBXProject "SmapleCustomDataStorage" */ = {
			isa = XCConfigurationList;
			buildConfigurations = (
				BCA3F5031D5DBF22001C8A36 /* Debug */,
				BCA3F5041D5DBF22001C8A36 /* Release */,
			);
			defaultConfigurationIsVisible = 0;
			defaultConfigurationName = Release;
		};
		BCA3F5051D5DBF22001C8A36 /* Build configuration list for PBXNativeTarget "SmapleCustomDataStorage" */ = {
			isa = XCConfigurationList;
			buildConfigurations = (
				BCA3F5061D5DBF22001C8A36 /* Debug */,
				BCA3F5071D5DBF22001C8A36 /* Release */,
			);
			defaultConfigurationIsVisible = 0;
		};
/* End XCConfigurationList section */
	};
	rootObject = BCA3F4EB1D5DBF22001C8A36 /* Project object */;
}
